// !$*UTF8*$!
{
	archiveVersion = 1;
	classes = {
	};
	objectVersion = 55;
	objects = {

/* Begin PBXBuildFile section */
		6E3B043A27BD25D100215F42 /* Products.swift in Sources */ = {isa = PBXBuildFile; fileRef = 6E3B043927BD25D100215F42 /* Products.swift */; };
		6ECA357C27BA9146009C894A /* AppDelegate.swift in Sources */ = {isa = PBXBuildFile; fileRef = 6ECA357B27BA9146009C894A /* AppDelegate.swift */; };
		6ECA357E27BA9146009C894A /* SceneDelegate.swift in Sources */ = {isa = PBXBuildFile; fileRef = 6ECA357D27BA9146009C894A /* SceneDelegate.swift */; };
		6ECA358027BA9146009C894A /* ViewController.swift in Sources */ = {isa = PBXBuildFile; fileRef = 6ECA357F27BA9146009C894A /* ViewController.swift */; };
		6ECA358327BA9146009C894A /* Main.storyboard in Resources */ = {isa = PBXBuildFile; fileRef = 6ECA358127BA9146009C894A /* Main.storyboard */; };
		6ECA358527BA9148009C894A /* Assets.xcassets in Resources */ = {isa = PBXBuildFile; fileRef = 6ECA358427BA9148009C894A /* Assets.xcassets */; };
		6ECA358827BA9148009C894A /* LaunchScreen.storyboard in Resources */ = {isa = PBXBuildFile; fileRef = 6ECA358627BA9148009C894A /* LaunchScreen.storyboard */; };
		6ECA359727BA97F6009C894A /* ProductCell.swift in Sources */ = {isa = PBXBuildFile; fileRef = 6ECA359527BA97F6009C894A /* ProductCell.swift */; };
		6EF8F87D27BF9AE4008D5AC7 /* products.json in Resources */ = {isa = PBXBuildFile; fileRef = 6EF8F87C27BF9AE4008D5AC7 /* products.json */; };
		6EF8F87F27BF9DE3008D5AC7 /* Product.swift in Sources */ = {isa = PBXBuildFile; fileRef = 6EF8F87E27BF9DE3008D5AC7 /* Product.swift */; };
/* End PBXBuildFile section */

/* Begin PBXFileReference section */
		2B7238A9AB902DF848E86C6B /* Pods-AutoLayout-Scroll-task.debug.xcconfig */ = {isa = PBXFileReference; includeInIndex = 1; lastKnownFileType = text.xcconfig; name = "Pods-AutoLayout-Scroll-task.debug.xcconfig"; path = "Target Support Files/Pods-AutoLayout-Scroll-task/Pods-AutoLayout-Scroll-task.debug.xcconfig"; sourceTree = "<group>"; };
		6E3B043927BD25D100215F42 /* Products.swift */ = {isa = PBXFileReference; lastKnownFileType = sourcecode.swift; path = Products.swift; sourceTree = "<group>"; };
		6ECA357827BA9146009C894A /* AutoLayout-Scroll-task.app */ = {isa = PBXFileReference; explicitFileType = wrapper.application; includeInIndex = 0; path = "AutoLayout-Scroll-task.app"; sourceTree = BUILT_PRODUCTS_DIR; };
		6ECA357B27BA9146009C894A /* AppDelegate.swift */ = {isa = PBXFileReference; lastKnownFileType = sourcecode.swift; path = AppDelegate.swift; sourceTree = "<group>"; };
		6ECA357D27BA9146009C894A /* SceneDelegate.swift */ = {isa = PBXFileReference; lastKnownFileType = sourcecode.swift; path = SceneDelegate.swift; sourceTree = "<group>"; };
		6ECA357F27BA9146009C894A /* ViewController.swift */ = {isa = PBXFileReference; lastKnownFileType = sourcecode.swift; path = ViewController.swift; sourceTree = "<group>"; };
		6ECA358227BA9146009C894A /* Base */ = {isa = PBXFileReference; lastKnownFileType = file.storyboard; name = Base; path = Base.lproj/Main.storyboard; sourceTree = "<group>"; };
		6ECA358427BA9148009C894A /* Assets.xcassets */ = {isa = PBXFileReference; lastKnownFileType = folder.assetcatalog; path = Assets.xcassets; sourceTree = "<group>"; };
		6ECA358727BA9148009C894A /* Base */ = {isa = PBXFileReference; lastKnownFileType = file.storyboard; name = Base; path = Base.lproj/LaunchScreen.storyboard; sourceTree = "<group>"; };
		6ECA358927BA9148009C894A /* Info.plist */ = {isa = PBXFileReference; lastKnownFileType = text.plist.xml; path = Info.plist; sourceTree = "<group>"; };
		6ECA359527BA97F6009C894A /* ProductCell.swift */ = {isa = PBXFileReference; lastKnownFileType = sourcecode.swift; path = ProductCell.swift; sourceTree = "<group>"; };
		6EF8F87C27BF9AE4008D5AC7 /* products.json */ = {isa = PBXFileReference; lastKnownFileType = text.json; path = products.json; sourceTree = "<group>"; };
		6EF8F87E27BF9DE3008D5AC7 /* Product.swift */ = {isa = PBXFileReference; lastKnownFileType = sourcecode.swift; path = Product.swift; sourceTree = "<group>"; };
		D42711886F85F94BA6A40744 /* Pods-AutoLayout-Scroll-task.release.xcconfig */ = {isa = PBXFileReference; includeInIndex = 1; lastKnownFileType = text.xcconfig; name = "Pods-AutoLayout-Scroll-task.release.xcconfig"; path = "Target Support Files/Pods-AutoLayout-Scroll-task/Pods-AutoLayout-Scroll-task.release.xcconfig"; sourceTree = "<group>"; };
/* End PBXFileReference section */

/* Begin PBXFrameworksBuildPhase section */
		6ECA357527BA9146009C894A /* Frameworks */ = {
			isa = PBXFrameworksBuildPhase;
			buildActionMask = 2147483647;
			files = (
			);
			runOnlyForDeploymentPostprocessing = 0;
		};
/* End PBXFrameworksBuildPhase section */

/* Begin PBXGroup section */
		6E3B043827BD25BB00215F42 /* Models */ = {
			isa = PBXGroup;
			children = (
				6E3B043927BD25D100215F42 /* Products.swift */,
				6EF8F87E27BF9DE3008D5AC7 /* Product.swift */,
			);
			path = Models;
			sourceTree = "<group>";
		};
		6ECA356F27BA9146009C894A = {
			isa = PBXGroup;
			children = (
				6ECA357A27BA9146009C894A /* AutoLayout-Scroll-task */,
				6ECA357927BA9146009C894A /* Products */,
				74949148419323BF145F22B6 /* Pods */,
			);
			sourceTree = "<group>";
		};
		6ECA357927BA9146009C894A /* Products */ = {
			isa = PBXGroup;
			children = (
				6ECA357827BA9146009C894A /* AutoLayout-Scroll-task.app */,
			);
			name = Products;
			sourceTree = "<group>";
		};
		6ECA357A27BA9146009C894A /* AutoLayout-Scroll-task */ = {
			isa = PBXGroup;
			children = (
				6EF8F87B27BF98F3008D5AC7 /* Resources */,
				6E3B043827BD25BB00215F42 /* Models */,
				6ECA359427BA97E2009C894A /* Cell */,
				6ECA357B27BA9146009C894A /* AppDelegate.swift */,
				6ECA357D27BA9146009C894A /* SceneDelegate.swift */,
				6ECA357F27BA9146009C894A /* ViewController.swift */,
				6ECA358127BA9146009C894A /* Main.storyboard */,
				6ECA358427BA9148009C894A /* Assets.xcassets */,
				6ECA358627BA9148009C894A /* LaunchScreen.storyboard */,
				6ECA358927BA9148009C894A /* Info.plist */,
			);
			path = "AutoLayout-Scroll-task";
			sourceTree = "<group>";
		};
		6ECA359427BA97E2009C894A /* Cell */ = {
			isa = PBXGroup;
			children = (
				6ECA359527BA97F6009C894A /* ProductCell.swift */,
			);
			path = Cell;
			sourceTree = "<group>";
		};
		6EF8F87B27BF98F3008D5AC7 /* Resources */ = {
			isa = PBXGroup;
			children = (
				6EF8F87C27BF9AE4008D5AC7 /* products.json */,
			);
			path = Resources;
			sourceTree = "<group>";
		};
		74949148419323BF145F22B6 /* Pods */ = {
			isa = PBXGroup;
			children = (
				2B7238A9AB902DF848E86C6B /* Pods-AutoLayout-Scroll-task.debug.xcconfig */,
				D42711886F85F94BA6A40744 /* Pods-AutoLayout-Scroll-task.release.xcconfig */,
			);
			path = Pods;
			sourceTree = "<group>";
		};
/* End PBXGroup section */

/* Begin PBXNativeTarget section */
		6ECA357727BA9146009C894A /* AutoLayout-Scroll-task */ = {
			isa = PBXNativeTarget;
			buildConfigurationList = 6ECA358C27BA9148009C894A /* Build configuration list for PBXNativeTarget "AutoLayout-Scroll-task" */;
			buildPhases = (
				7F3323D8321B33A61C7AAB5C /* [CP] Check Pods Manifest.lock */,
				6EF8F87A27BF9664008D5AC7 /* ShellScript */,
				6ECA357427BA9146009C894A /* Sources */,
				6ECA357527BA9146009C894A /* Frameworks */,
				6ECA357627BA9146009C894A /* Resources */,
			);
			buildRules = (
			);
			dependencies = (
			);
			name = "AutoLayout-Scroll-task";
			productName = "AutoLayout-Scroll-task";
			productReference = 6ECA357827BA9146009C894A /* AutoLayout-Scroll-task.app */;
			productType = "com.apple.product-type.application";
		};
/* End PBXNativeTarget section */

/* Begin PBXProject section */
		6ECA357027BA9146009C894A /* Project object */ = {
			isa = PBXProject;
			attributes = {
				BuildIndependentTargetsInParallel = 1;
				LastSwiftUpdateCheck = 1320;
				LastUpgradeCheck = 1320;
				TargetAttributes = {
					6ECA357727BA9146009C894A = {
						CreatedOnToolsVersion = 13.2.1;
					};
				};
			};
			buildConfigurationList = 6ECA357327BA9146009C894A /* Build configuration list for PBXProject "AutoLayout-Scroll-task" */;
			compatibilityVersion = "Xcode 13.0";
			developmentRegion = en;
			hasScannedForEncodings = 0;
			knownRegions = (
				en,
				Base,
			);
			mainGroup = 6ECA356F27BA9146009C894A;
			productRefGroup = 6ECA357927BA9146009C894A /* Products */;
			projectDirPath = "";
			projectRoot = "";
			targets = (
				6ECA357727BA9146009C894A /* AutoLayout-Scroll-task */,
			);
		};
/* End PBXProject section */

/* Begin PBXResourcesBuildPhase section */
		6ECA357627BA9146009C894A /* Resources */ = {
			isa = PBXResourcesBuildPhase;
			buildActionMask = 2147483647;
			files = (
				6ECA358827BA9148009C894A /* LaunchScreen.storyboard in Resources */,
				6ECA358527BA9148009C894A /* Assets.xcassets in Resources */,
				6EF8F87D27BF9AE4008D5AC7 /* products.json in Resources */,
				6ECA358327BA9146009C894A /* Main.storyboard in Resources */,
			);
			runOnlyForDeploymentPostprocessing = 0;
		};
/* End PBXResourcesBuildPhase section */

/* Begin PBXShellScriptBuildPhase section */
		6EF8F87A27BF9664008D5AC7 /* ShellScript */ = {
			isa = PBXShellScriptBuildPhase;
			buildActionMask = 2147483647;
			files = (
			);
			inputFileListPaths = (
			);
			inputPaths = (
			);
			outputFileListPaths = (
			);
			outputPaths = (
			);
			runOnlyForDeploymentPostprocessing = 0;
			shellPath = /bin/sh;
			shellScript = "if which \"${PODS_ROOT}/SwiftLint/swiftlint\" >/dev/null; then\n    ${PODS_ROOT}/SwiftLint/swiftlint\nelse\n    echo \"warning: SwiftLint not installed, download from https://github.com/realm/SwiftLint\"\nfi\n";
		};
		7F3323D8321B33A61C7AAB5C /* [CP] Check Pods Manifest.lock */ = {
			isa = PBXShellScriptBuildPhase;
			buildActionMask = 2147483647;
			files = (
			);
			inputFileListPaths = (
			);
			inputPaths = (
				"${PODS_PODFILE_DIR_PATH}/Podfile.lock",
				"${PODS_ROOT}/Manifest.lock",
			);
			name = "[CP] Check Pods Manifest.lock";
			outputFileListPaths = (
			);
			outputPaths = (
				"$(DERIVED_FILE_DIR)/Pods-AutoLayout-Scroll-task-checkManifestLockResult.txt",
			);
			runOnlyForDeploymentPostprocessing = 0;
			shellPath = /bin/sh;
			shellScript = "diff \"${PODS_PODFILE_DIR_PATH}/Podfile.lock\" \"${PODS_ROOT}/Manifest.lock\" > /dev/null\nif [ $? != 0 ] ; then\n    # print error to STDERR\n    echo \"error: The sandbox is not in sync with the Podfile.lock. Run 'pod install' or update your CocoaPods installation.\" >&2\n    exit 1\nfi\n# This output is used by Xcode 'outputs' to avoid re-running this script phase.\necho \"SUCCESS\" > \"${SCRIPT_OUTPUT_FILE_0}\"\n";
			showEnvVarsInLog = 0;
		};
/* End PBXShellScriptBuildPhase section */

/* Begin PBXSourcesBuildPhase section */
		6ECA357427BA9146009C894A /* Sources */ = {
			isa = PBXSourcesBuildPhase;
			buildActionMask = 2147483647;
			files = (
				6ECA358027BA9146009C894A /* ViewController.swift in Sources */,
				6ECA359727BA97F6009C894A /* ProductCell.swift in Sources */,
				6E3B043A27BD25D100215F42 /* Products.swift in Sources */,
				6ECA357C27BA9146009C894A /* AppDelegate.swift in Sources */,
				6ECA357E27BA9146009C894A /* SceneDelegate.swift in Sources */,
				6EF8F87F27BF9DE3008D5AC7 /* Product.swift in Sources */,
			);
			runOnlyForDeploymentPostprocessing = 0;
		};
/* End PBXSourcesBuildPhase section */

/* Begin PBXVariantGroup section */
		6ECA358127BA9146009C894A /* Main.storyboard */ = {
			isa = PBXVariantGroup;
			children = (
				6ECA358227BA9146009C894A /* Base */,
			);
			name = Main.storyboard;
			sourceTree = "<group>";
		};
		6ECA358627BA9148009C894A /* LaunchScreen.storyboard */ = {
			isa = PBXVariantGroup;
			children = (
				6ECA358727BA9148009C894A /* Base */,
			);
			name = LaunchScreen.storyboard;
			sourceTree = "<group>";
		};
/* End PBXVariantGroup section */

/* Begin XCBuildConfiguration section */
		6ECA358A27BA9148009C894A /* Debug */ = {
			isa = XCBuildConfiguration;
			buildSettings = {
				ALWAYS_SEARCH_USER_PATHS = NO;
				CLANG_ANALYZER_NONNULL = YES;
				CLANG_ANALYZER_NUMBER_OBJECT_CONVERSION = YES_AGGRESSIVE;
				CLANG_CXX_LANGUAGE_STANDARD = "gnu++17";
				CLANG_CXX_LIBRARY = "libc++";
				CLANG_ENABLE_MODULES = YES;
				CLANG_ENABLE_OBJC_ARC = YES;
				CLANG_ENABLE_OBJC_WEAK = YES;
				CLANG_WARN_BLOCK_CAPTURE_AUTORELEASING = YES;
				CLANG_WARN_BOOL_CONVERSION = YES;
				CLANG_WARN_COMMA = YES;
				CLANG_WARN_CONSTANT_CONVERSION = YES;
				CLANG_WARN_DEPRECATED_OBJC_IMPLEMENTATIONS = YES;
				CLANG_WARN_DIRECT_OBJC_ISA_USAGE = YES_ERROR;
				CLANG_WARN_DOCUMENTATION_COMMENTS = YES;
				CLANG_WARN_EMPTY_BODY = YES;
				CLANG_WARN_ENUM_CONVERSION = YES;
				CLANG_WARN_INFINITE_RECURSION = YES;
				CLANG_WARN_INT_CONVERSION = YES;
				CLANG_WARN_NON_LITERAL_NULL_CONVERSION = YES;
				CLANG_WARN_OBJC_IMPLICIT_RETAIN_SELF = YES;
				CLANG_WARN_OBJC_LITERAL_CONVERSION = YES;
				CLANG_WARN_OBJC_ROOT_CLASS = YES_ERROR;
				CLANG_WARN_QUOTED_INCLUDE_IN_FRAMEWORK_HEADER = YES;
				CLANG_WARN_RANGE_LOOP_ANALYSIS = YES;
				CLANG_WARN_STRICT_PROTOTYPES = YES;
				CLANG_WARN_SUSPICIOUS_MOVE = YES;
				CLANG_WARN_UNGUARDED_AVAILABILITY = YES_AGGRESSIVE;
				CLANG_WARN_UNREACHABLE_CODE = YES;
				CLANG_WARN__DUPLICATE_METHOD_MATCH = YES;
				COPY_PHASE_STRIP = NO;
				DEBUG_INFORMATION_FORMAT = dwarf;
				ENABLE_STRICT_OBJC_MSGSEND = YES;
				ENABLE_TESTABILITY = YES;
				GCC_C_LANGUAGE_STANDARD = gnu11;
				GCC_DYNAMIC_NO_PIC = NO;
				GCC_NO_COMMON_BLOCKS = YES;
				GCC_OPTIMIZATION_LEVEL = 0;
				GCC_PREPROCESSOR_DEFINITIONS = (
					"DEBUG=1",
					"$(inherited)",
				);
				GCC_WARN_64_TO_32_BIT_CONVERSION = YES;
				GCC_WARN_ABOUT_RETURN_TYPE = YES_ERROR;
				GCC_WARN_UNDECLARED_SELECTOR = YES;
				GCC_WARN_UNINITIALIZED_AUTOS = YES_AGGRESSIVE;
				GCC_WARN_UNUSED_FUNCTION = YES;
				GCC_WARN_UNUSED_VARIABLE = YES;
				IPHONEOS_DEPLOYMENT_TARGET = 15.2;
				MTL_ENABLE_DEBUG_INFO = INCLUDE_SOURCE;
				MTL_FAST_MATH = YES;
				ONLY_ACTIVE_ARCH = YES;
				SDKROOT = iphoneos;
				SWIFT_ACTIVE_COMPILATION_CONDITIONS = DEBUG;
				SWIFT_OPTIMIZATION_LEVEL = "-Onone";
			};
			name = Debug;
		};
		6ECA358B27BA9148009C894A /* Release */ = {
			isa = XCBuildConfiguration;
			buildSettings = {
				ALWAYS_SEARCH_USER_PATHS = NO;
				CLANG_ANALYZER_NONNULL = YES;
				CLANG_ANALYZER_NUMBER_OBJECT_CONVERSION = YES_AGGRESSIVE;
				CLANG_CXX_LANGUAGE_STANDARD = "gnu++17";
				CLANG_CXX_LIBRARY = "libc++";
				CLANG_ENABLE_MODULES = YES;
				CLANG_ENABLE_OBJC_ARC = YES;
				CLANG_ENABLE_OBJC_WEAK = YES;
				CLANG_WARN_BLOCK_CAPTURE_AUTORELEASING = YES;
				CLANG_WARN_BOOL_CONVERSION = YES;
				CLANG_WARN_COMMA = YES;
				CLANG_WARN_CONSTANT_CONVERSION = YES;
				CLANG_WARN_DEPRECATED_OBJC_IMPLEMENTATIONS = YES;
				CLANG_WARN_DIRECT_OBJC_ISA_USAGE = YES_ERROR;
				CLANG_WARN_DOCUMENTATION_COMMENTS = YES;
				CLANG_WARN_EMPTY_BODY = YES;
				CLANG_WARN_ENUM_CONVERSION = YES;
				CLANG_WARN_INFINITE_RECURSION = YES;
				CLANG_WARN_INT_CONVERSION = YES;
				CLANG_WARN_NON_LITERAL_NULL_CONVERSION = YES;
				CLANG_WARN_OBJC_IMPLICIT_RETAIN_SELF = YES;
				CLANG_WARN_OBJC_LITERAL_CONVERSION = YES;
				CLANG_WARN_OBJC_ROOT_CLASS = YES_ERROR;
				CLANG_WARN_QUOTED_INCLUDE_IN_FRAMEWORK_HEADER = YES;
				CLANG_WARN_RANGE_LOOP_ANALYSIS = YES;
				CLANG_WARN_STRICT_PROTOTYPES = YES;
				CLANG_WARN_SUSPICIOUS_MOVE = YES;
				CLANG_WARN_UNGUARDED_AVAILABILITY = YES_AGGRESSIVE;
				CLANG_WARN_UNREACHABLE_CODE = YES;
				CLANG_WARN__DUPLICATE_METHOD_MATCH = YES;
				COPY_PHASE_STRIP = NO;
				DEBUG_INFORMATION_FORMAT = "dwarf-with-dsym";
				ENABLE_NS_ASSERTIONS = NO;
				ENABLE_STRICT_OBJC_MSGSEND = YES;
				GCC_C_LANGUAGE_STANDARD = gnu11;
				GCC_NO_COMMON_BLOCKS = YES;
				GCC_WARN_64_TO_32_BIT_CONVERSION = YES;
				GCC_WARN_ABOUT_RETURN_TYPE = YES_ERROR;
				GCC_WARN_UNDECLARED_SELECTOR = YES;
				GCC_WARN_UNINITIALIZED_AUTOS = YES_AGGRESSIVE;
				GCC_WARN_UNUSED_FUNCTION = YES;
				GCC_WARN_UNUSED_VARIABLE = YES;
				IPHONEOS_DEPLOYMENT_TARGET = 15.2;
				MTL_ENABLE_DEBUG_INFO = NO;
				MTL_FAST_MATH = YES;
				SDKROOT = iphoneos;
				SWIFT_COMPILATION_MODE = wholemodule;
				SWIFT_OPTIMIZATION_LEVEL = "-O";
				VALIDATE_PRODUCT = YES;
			};
			name = Release;
		};
		6ECA358D27BA9148009C894A /* Debug */ = {
			isa = XCBuildConfiguration;
			baseConfigurationReference = 2B7238A9AB902DF848E86C6B /* Pods-AutoLayout-Scroll-task.debug.xcconfig */;
			buildSettings = {
				ASSETCATALOG_COMPILER_APPICON_NAME = AppIcon;
				ASSETCATALOG_COMPILER_GLOBAL_ACCENT_COLOR_NAME = AccentColor;
				CODE_SIGN_STYLE = Automatic;
				CURRENT_PROJECT_VERSION = 1;
				GENERATE_INFOPLIST_FILE = YES;
				INFOPLIST_FILE = "AutoLayout-Scroll-task/Info.plist";
				INFOPLIST_KEY_UIApplicationSupportsIndirectInputEvents = YES;
				INFOPLIST_KEY_UILaunchStoryboardName = LaunchScreen;
				INFOPLIST_KEY_UIMainStoryboardFile = Main;
				INFOPLIST_KEY_UISupportedInterfaceOrientations_iPad = "UIInterfaceOrientationPortrait UIInterfaceOrientationPortraitUpsideDown UIInterfaceOrientationLandscapeLeft UIInterfaceOrientationLandscapeRight";
				INFOPLIST_KEY_UISupportedInterfaceOrientations_iPhone = "UIInterfaceOrientationPortrait UIInterfaceOrientationLandscapeLeft UIInterfaceOrientationLandscapeRight";
				LD_RUNPATH_SEARCH_PATHS = (
					"$(inherited)",
					"@executable_path/Frameworks",
				);
				MARKETING_VERSION = 1.0;
				PRODUCT_BUNDLE_IDENTIFIER = "my-com.AutoLayout-Scroll-task";
				PRODUCT_NAME = "$(TARGET_NAME)";
				SWIFT_EMIT_LOC_STRINGS = YES;
				SWIFT_VERSION = 5.0;
				TARGETED_DEVICE_FAMILY = "1,2";
			};
			name = Debug;
		};
		6ECA358E27BA9148009C894A /* Release */ = {
			isa = XCBuildConfiguration;
			baseConfigurationReference = D42711886F85F94BA6A40744 /* Pods-AutoLayout-Scroll-task.release.xcconfig */;
			buildSettings = {
				ASSETCATALOG_COMPILER_APPICON_NAME = AppIcon;
				ASSETCATALOG_COMPILER_GLOBAL_ACCENT_COLOR_NAME = AccentColor;
				CODE_SIGN_STYLE = Automatic;
				CURRENT_PROJECT_VERSION = 1;
				GENERATE_INFOPLIST_FILE = YES;
				INFOPLIST_FILE = "AutoLayout-Scroll-task/Info.plist";
				INFOPLIST_KEY_UIApplicationSupportsIndirectInputEvents = YES;
				INFOPLIST_KEY_UILaunchStoryboardName = LaunchScreen;
				INFOPLIST_KEY_UIMainStoryboardFile = Main;
				INFOPLIST_KEY_UISupportedInterfaceOrientations_iPad = "UIInterfaceOrientationPortrait UIInterfaceOrientationPortraitUpsideDown UIInterfaceOrientationLandscapeLeft UIInterfaceOrientationLandscapeRight";
				INFOPLIST_KEY_UISupportedInterfaceOrientations_iPhone = "UIInterfaceOrientationPortrait UIInterfaceOrientationLandscapeLeft UIInterfaceOrientationLandscapeRight";
				LD_RUNPATH_SEARCH_PATHS = (
					"$(inherited)",
					"@executable_path/Frameworks",
				);
				MARKETING_VERSION = 1.0;
				PRODUCT_BUNDLE_IDENTIFIER = "my-com.AutoLayout-Scroll-task";
				PRODUCT_NAME = "$(TARGET_NAME)";
				SWIFT_EMIT_LOC_STRINGS = YES;
				SWIFT_VERSION = 5.0;
				TARGETED_DEVICE_FAMILY = "1,2";
			};
			name = Release;
		};
/* End XCBuildConfiguration section */

/* Begin XCConfigurationList section */
		6ECA357327BA9146009C894A /* Build configuration list for PBXProject "AutoLayout-Scroll-task" */ = {
			isa = XCConfigurationList;
			buildConfigurations = (
				6ECA358A27BA9148009C894A /* Debug */,
				6ECA358B27BA9148009C894A /* Release */,
			);
			defaultConfigurationIsVisible = 0;
			defaultConfigurationName = Release;
		};
		6ECA358C27BA9148009C894A /* Build configuration list for PBXNativeTarget "AutoLayout-Scroll-task" */ = {
			isa = XCConfigurationList;
			buildConfigurations = (
				6ECA358D27BA9148009C894A /* Debug */,
				6ECA358E27BA9148009C894A /* Release */,
			);
			defaultConfigurationIsVisible = 0;
			defaultConfigurationName = Release;
		};
/* End XCConfigurationList section */
	};
	rootObject = 6ECA357027BA9146009C894A /* Project object */;
}
